
Microsoft Visual Studio Solution File, Format Version 12.00
# Visual Studio 15
Project("{FAE04EC0-301F-11D3-BF4B-00C04F79EFBC}") = "Assembly-CSharp", "Assembly-CSharp.csproj", "{2FB77E3C-361B-18C4-C163-8731ED9C28CE}"
EndProject
Project("{FAE04EC0-301F-11D3-BF4B-00C04F79EFBC}") = "Assembly-CSharp-Editor", "Assembly-CSharp-Editor.csproj", "{8297427A-8FE4-2789-C8FD-520C86A632ED}"
EndProject
Global
	GlobalSection(SolutionConfigurationPlatforms) = preSolution
		Debug|Any CPU = Debug|Any CPU
		Release|Any CPU = Release|Any CPU
	EndGlobalSection
	GlobalSection(ProjectConfigurationPlatforms) = postSolution
		{2FB77E3C-361B-18C4-C163-8731ED9C28CE}.Debug|Any CPU.ActiveCfg = Debug|Any CPU
		{2FB77E3C-361B-18C4-C163-8731ED9C28CE}.Debug|Any CPU.Build.0 = Debug|Any CPU
		{2FB77E3C-361B-18C4-C163-8731ED9C28CE}.Release|Any CPU.ActiveCfg = Release|Any CPU
		{2FB77E3C-361B-18C4-C163-8731ED9C28CE}.Release|Any CPU.Build.0 = Release|Any CPU
		{8297427A-8FE4-2789-C8FD-520C86A632ED}.Debug|Any CPU.ActiveCfg = Debug|Any CPU
		{8297427A-8FE4-2789-C8FD-520C86A632ED}.Debug|Any CPU.Build.0 = Debug|Any CPU
		{8297427A-8FE4-2789-C8FD-520C86A632ED}.Release|Any CPU.ActiveCfg = Release|Any CPU
		{8297427A-8FE4-2789-C8FD-520C86A632ED}.Release|Any CPU.Build.0 = Release|Any CPU
	EndGlobalSection
	GlobalSection(SolutionProperties) = preSolution
		HideSolutionNode = FALSE
	EndGlobalSection
EndGlobal
